
Microsoft Visual Studio Solution File, Format Version 12.00
# Visual Studio 2013
VisualStudioVersion = 12.0.21005.1
MinimumVisualStudioVersion = 10.0.40219.1
Project("{FAE04EC0-301F-11D3-BF4B-00C04F79EFBC}") = "WpfApplication1", "WpfApplication1\WpfApplication1.csproj", "{CDA1FEFF-E984-4BAB-BB73-78E02F4F6888}"
EndProject
Project("{FAE04EC0-301F-11D3-BF4B-00C04F79EFBC}") = "WpfApplication2", "WpfApplication2\WpfApplication2.csproj", "{F53A0FE9-8CB6-4E18-8467-C356AE7CAE92}"
EndProject
Project("{FAE04EC0-301F-11D3-BF4B-00C04F79EFBC}") = "WindowsFormsApplication1", "WindowsFormsApplication1\WindowsFormsApplication1.csproj", "{57EEE07B-05E5-4241-A211-1BF08C8B2B21}"
EndProject
Global
	GlobalSection(SolutionConfigurationPlatforms) = preSolution
		Debug|Any CPU = Debug|Any CPU
		Release|Any CPU = Release|Any CPU
	EndGlobalSection
	GlobalSection(ProjectConfigurationPlatforms) = postSolution
		{CDA1FEFF-E984-4BAB-BB73-78E02F4F6888}.Debug|Any CPU.ActiveCfg = Debug|Any CPU
		{CDA1FEFF-E984-4BAB-BB73-78E02F4F6888}.Debug|Any CPU.Build.0 = Debug|Any CPU
		{CDA1FEFF-E984-4BAB-BB73-78E02F4F6888}.Release|Any CPU.ActiveCfg = Release|Any CPU
		{CDA1FEFF-E984-4BAB-BB73-78E02F4F6888}.Release|Any CPU.Build.0 = Release|Any CPU
		{F53A0FE9-8CB6-4E18-8467-C356AE7CAE92}.Debug|Any CPU.ActiveCfg = Debug|Any CPU
		{F53A0FE9-8CB6-4E18-8467-C356AE7CAE92}.Debug|Any CPU.Build.0 = Debug|Any CPU
		{F53A0FE9-8CB6-4E18-8467-C356AE7CAE92}.Release|Any CPU.ActiveCfg = Release|Any CPU
		{F53A0FE9-8CB6-4E18-8467-C356AE7CAE92}.Release|Any CPU.Build.0 = Release|Any CPU
		{57EEE07B-05E5-4241-A211-1BF08C8B2B21}.Debug|Any CPU.ActiveCfg = Debug|Any CPU
		{57EEE07B-05E5-4241-A211-1BF08C8B2B21}.Debug|Any CPU.Build.0 = Debug|Any CPU
		{57EEE07B-05E5-4241-A211-1BF08C8B2B21}.Release|Any CPU.ActiveCfg = Release|Any CPU
		{57EEE07B-05E5-4241-A211-1BF08C8B2B21}.Release|Any CPU.Build.0 = Release|Any CPU
	EndGlobalSection
	GlobalSection(SolutionProperties) = preSolution
		HideSolutionNode = FALSE
	EndGlobalSection
EndGlobal
