
Microsoft Visual Studio Solution File, Format Version 12.00
# Visual Studio 15
VisualStudioVersion = 15.0.27703.2026
MinimumVisualStudioVersion = 10.0.40219.1
Project("{FAE04EC0-301F-11D3-BF4B-00C04F79EFBC}") = "iHilBms", "iHilBms\iHilBms.csproj", "{CA4BAE13-A9B8-4789-8DCB-295880AE9551}"
EndProject
Project("{FAE04EC0-301F-11D3-BF4B-00C04F79EFBC}") = "MEF", "MEF\MEF.csproj", "{7A2853D7-63B4-4302-9EED-BEE7356A6FA9}"
EndProject
Project("{2150E333-8FDC-42A3-9474-1A3956D46DE8}") = "Interface", "Interface", "{C644F77A-7CA7-477C-8E2B-472236246B2C}"
EndProject
Project("{FAE04EC0-301F-11D3-BF4B-00C04F79EFBC}") = "iOptions", "..\Interface\ioptions\iOptions.csproj", "{6F5F2D75-34B3-4F83-90FB-C5D212BFBEA6}"
EndProject
Project("{FAE04EC0-301F-11D3-BF4B-00C04F79EFBC}") = "iUser", "..\Interface\iUser\iUser.csproj", "{DF035CA3-69A7-42E7-B296-6D182B462C7C}"
EndProject
Project("{FAE04EC0-301F-11D3-BF4B-00C04F79EFBC}") = "TUser", "..\Instance\TUser\TUser.csproj", "{094F3B47-F65E-4908-96F5-B0CE40802072}"
EndProject
Project("{2150E333-8FDC-42A3-9474-1A3956D46DE8}") = "Instance", "Instance", "{1FD8FAD0-DEFF-4A17-A983-25BCAE293497}"
EndProject
Project("{2150E333-8FDC-42A3-9474-1A3956D46DE8}") = "Model", "Model", "{C7990E5A-81A0-4B27-8914-6693D33134B9}"
EndProject
Project("{FAE04EC0-301F-11D3-BF4B-00C04F79EFBC}") = "TOptions", "..\Instance\TOptions\TOptions.csproj", "{471CA10A-3F35-43ED-A26F-CF7569D87331}"
EndProject
Project("{FAE04EC0-301F-11D3-BF4B-00C04F79EFBC}") = "Splash", "..\Model\Splash\Splash.csproj", "{52A1F1B5-5EE2-4A2D-96DC-49ADFE882371}"
EndProject
Project("{FAE04EC0-301F-11D3-BF4B-00C04F79EFBC}") = "UserManage", "..\Model\UserManage\UserManage.csproj", "{3ADA42CF-9CDC-4291-A8C1-FFDFB3B65AB5}"
EndProject
Project("{FAE04EC0-301F-11D3-BF4B-00C04F79EFBC}") = "TLanguage", "..\Instance\TLanguage\TLanguage\TLanguage.csproj", "{65D1CF68-0633-4C74-A497-ADDD79F22B50}"
EndProject
Project("{FAE04EC0-301F-11D3-BF4B-00C04F79EFBC}") = "iLanguage", "..\Interface\iLanguage\iLanguage.csproj", "{831DB972-0220-45E2-9145-D08E626ABBC5}"
EndProject
Project("{FAE04EC0-301F-11D3-BF4B-00C04F79EFBC}") = "Message", "..\Model\Message\Message.csproj", "{606014FE-D387-48DF-88B4-EDF77283A447}"
EndProject
Project("{2150E333-8FDC-42A3-9474-1A3956D46DE8}") = "ICommunication", "ICommunication", "{36D65915-3BA7-48EB-966E-996FD6F0FB5B}"
EndProject
Project("{2150E333-8FDC-42A3-9474-1A3956D46DE8}") = "TCommunication", "TCommunication", "{47BEB8BF-2D59-4388-A8DA-CF549653BD01}"
EndProject
Project("{FAE04EC0-301F-11D3-BF4B-00C04F79EFBC}") = "TCommuniationBase", "..\Instance\TCommuniationBase\TCommuniationBase.csproj", "{1D213BD7-06AB-4342-AD8E-D9CD58DFA50A}"
EndProject
Project("{FAE04EC0-301F-11D3-BF4B-00C04F79EFBC}") = "TComm", "..\Instance\TComm\TComm.csproj", "{F49B198D-413C-49A2-9CC5-2D2F6952914A}"
EndProject
Project("{FAE04EC0-301F-11D3-BF4B-00C04F79EFBC}") = "iCommunicationBase", "..\Interface\iCommunicationBase\iCommunicationBase.csproj", "{D0CA54F2-0469-4FD6-ABE6-47EFE56CDB82}"
EndProject
Project("{FAE04EC0-301F-11D3-BF4B-00C04F79EFBC}") = "iComm", "..\Interface\iComm\iComm.csproj", "{58E6C4A6-0CC3-46F4-99B5-3714A6E52694}"
EndProject
Project("{FAE04EC0-301F-11D3-BF4B-00C04F79EFBC}") = "TEthernet", "..\Instance\TEthernet\TEthernet.csproj", "{E9494651-9A8E-4C5D-9638-BEB92EBDE571}"
EndProject
Project("{FAE04EC0-301F-11D3-BF4B-00C04F79EFBC}") = "iEthernet", "..\Interface\iEthernet\iEthernet.csproj", "{82D9CE80-DE78-4912-AE9A-5FCDBEFBF287}"
EndProject
Project("{FAE04EC0-301F-11D3-BF4B-00C04F79EFBC}") = "iCAN", "..\Interface\iCAN\iCAN.csproj", "{B9B9E4AF-C95A-4EB5-8A00-77A0BB63640D}"
EndProject
Project("{FAE04EC0-301F-11D3-BF4B-00C04F79EFBC}") = "TCAN", "..\Instance\TCAN\TCAN.csproj", "{76704353-E8BD-49E7-AF22-71487BD94074}"
EndProject
Project("{2150E333-8FDC-42A3-9474-1A3956D46DE8}") = "ProjectModel", "ProjectModel", "{041AD295-DA5D-4578-913A-2756E04AD807}"
EndProject
Project("{FAE04EC0-301F-11D3-BF4B-00C04F79EFBC}") = "Scheme", "..\ProjectModel\Scheme\Scheme.csproj", "{E7E502C2-3DAE-456E-B2D9-49DB6718AE5A}"
EndProject
Project("{2150E333-8FDC-42A3-9474-1A3956D46DE8}") = "SelfVCL", "SelfVCL", "{E3F3A22F-B809-4C56-BF5E-655358B9D699}"
EndProject
Project("{FAE04EC0-301F-11D3-BF4B-00C04F79EFBC}") = "VCL", "..\VCL\VCL\VCL.csproj", "{6EE311A5-29C2-4A3B-BD01-BD1E525F8C70}"
EndProject
Project("{FAE04EC0-301F-11D3-BF4B-00C04F79EFBC}") = "iBms", "..\Interface\iBms\iBms.csproj", "{13A10269-E333-4919-B8C6-737BEA0C2F03}"
EndProject
Project("{FAE04EC0-301F-11D3-BF4B-00C04F79EFBC}") = "TBMS", "..\Instance\TBMS\TBMS.csproj", "{504F74C6-FF19-4980-B7E6-216543DAA554}"
EndProject
Project("{2150E333-8FDC-42A3-9474-1A3956D46DE8}") = "Test", "Test", "{DFE80381-49F5-47C6-BC62-782F743A6FBD}"
EndProject
Global
	GlobalSection(SolutionConfigurationPlatforms) = preSolution
		Debug|Any CPU = Debug|Any CPU
		Release|Any CPU = Release|Any CPU
	EndGlobalSection
	GlobalSection(ProjectConfigurationPlatforms) = postSolution
		{CA4BAE13-A9B8-4789-8DCB-295880AE9551}.Debug|Any CPU.ActiveCfg = Debug|Any CPU
		{CA4BAE13-A9B8-4789-8DCB-295880AE9551}.Debug|Any CPU.Build.0 = Debug|Any CPU
		{CA4BAE13-A9B8-4789-8DCB-295880AE9551}.Release|Any CPU.ActiveCfg = Release|Any CPU
		{CA4BAE13-A9B8-4789-8DCB-295880AE9551}.Release|Any CPU.Build.0 = Release|Any CPU
		{7A2853D7-63B4-4302-9EED-BEE7356A6FA9}.Debug|Any CPU.ActiveCfg = Debug|Any CPU
		{7A2853D7-63B4-4302-9EED-BEE7356A6FA9}.Debug|Any CPU.Build.0 = Debug|Any CPU
		{7A2853D7-63B4-4302-9EED-BEE7356A6FA9}.Release|Any CPU.ActiveCfg = Release|Any CPU
		{7A2853D7-63B4-4302-9EED-BEE7356A6FA9}.Release|Any CPU.Build.0 = Release|Any CPU
		{6F5F2D75-34B3-4F83-90FB-C5D212BFBEA6}.Debug|Any CPU.ActiveCfg = Debug|Any CPU
		{6F5F2D75-34B3-4F83-90FB-C5D212BFBEA6}.Debug|Any CPU.Build.0 = Debug|Any CPU
		{6F5F2D75-34B3-4F83-90FB-C5D212BFBEA6}.Release|Any CPU.ActiveCfg = Release|Any CPU
		{6F5F2D75-34B3-4F83-90FB-C5D212BFBEA6}.Release|Any CPU.Build.0 = Release|Any CPU
		{DF035CA3-69A7-42E7-B296-6D182B462C7C}.Debug|Any CPU.ActiveCfg = Debug|Any CPU
		{DF035CA3-69A7-42E7-B296-6D182B462C7C}.Debug|Any CPU.Build.0 = Debug|Any CPU
		{DF035CA3-69A7-42E7-B296-6D182B462C7C}.Release|Any CPU.ActiveCfg = Release|Any CPU
		{DF035CA3-69A7-42E7-B296-6D182B462C7C}.Release|Any CPU.Build.0 = Release|Any CPU
		{094F3B47-F65E-4908-96F5-B0CE40802072}.Debug|Any CPU.ActiveCfg = Debug|Any CPU
		{094F3B47-F65E-4908-96F5-B0CE40802072}.Debug|Any CPU.Build.0 = Debug|Any CPU
		{094F3B47-F65E-4908-96F5-B0CE40802072}.Release|Any CPU.ActiveCfg = Release|Any CPU
		{094F3B47-F65E-4908-96F5-B0CE40802072}.Release|Any CPU.Build.0 = Release|Any CPU
		{471CA10A-3F35-43ED-A26F-CF7569D87331}.Debug|Any CPU.ActiveCfg = Debug|Any CPU
		{471CA10A-3F35-43ED-A26F-CF7569D87331}.Debug|Any CPU.Build.0 = Debug|Any CPU
		{471CA10A-3F35-43ED-A26F-CF7569D87331}.Release|Any CPU.ActiveCfg = Release|Any CPU
		{471CA10A-3F35-43ED-A26F-CF7569D87331}.Release|Any CPU.Build.0 = Release|Any CPU
		{52A1F1B5-5EE2-4A2D-96DC-49ADFE882371}.Debug|Any CPU.ActiveCfg = Debug|Any CPU
		{52A1F1B5-5EE2-4A2D-96DC-49ADFE882371}.Debug|Any CPU.Build.0 = Debug|Any CPU
		{52A1F1B5-5EE2-4A2D-96DC-49ADFE882371}.Release|Any CPU.ActiveCfg = Release|Any CPU
		{52A1F1B5-5EE2-4A2D-96DC-49ADFE882371}.Release|Any CPU.Build.0 = Release|Any CPU
		{3ADA42CF-9CDC-4291-A8C1-FFDFB3B65AB5}.Debug|Any CPU.ActiveCfg = Debug|Any CPU
		{3ADA42CF-9CDC-4291-A8C1-FFDFB3B65AB5}.Debug|Any CPU.Build.0 = Debug|Any CPU
		{3ADA42CF-9CDC-4291-A8C1-FFDFB3B65AB5}.Release|Any CPU.ActiveCfg = Release|Any CPU
		{3ADA42CF-9CDC-4291-A8C1-FFDFB3B65AB5}.Release|Any CPU.Build.0 = Release|Any CPU
		{65D1CF68-0633-4C74-A497-ADDD79F22B50}.Debug|Any CPU.ActiveCfg = Debug|Any CPU
		{65D1CF68-0633-4C74-A497-ADDD79F22B50}.Debug|Any CPU.Build.0 = Debug|Any CPU
		{65D1CF68-0633-4C74-A497-ADDD79F22B50}.Release|Any CPU.ActiveCfg = Release|Any CPU
		{65D1CF68-0633-4C74-A497-ADDD79F22B50}.Release|Any CPU.Build.0 = Release|Any CPU
		{831DB972-0220-45E2-9145-D08E626ABBC5}.Debug|Any CPU.ActiveCfg = Debug|Any CPU
		{831DB972-0220-45E2-9145-D08E626ABBC5}.Debug|Any CPU.Build.0 = Debug|Any CPU
		{831DB972-0220-45E2-9145-D08E626ABBC5}.Release|Any CPU.ActiveCfg = Release|Any CPU
		{831DB972-0220-45E2-9145-D08E626ABBC5}.Release|Any CPU.Build.0 = Release|Any CPU
		{606014FE-D387-48DF-88B4-EDF77283A447}.Debug|Any CPU.ActiveCfg = Debug|Any CPU
		{606014FE-D387-48DF-88B4-EDF77283A447}.Debug|Any CPU.Build.0 = Debug|Any CPU
		{606014FE-D387-48DF-88B4-EDF77283A447}.Release|Any CPU.ActiveCfg = Release|Any CPU
		{606014FE-D387-48DF-88B4-EDF77283A447}.Release|Any CPU.Build.0 = Release|Any CPU
		{1D213BD7-06AB-4342-AD8E-D9CD58DFA50A}.Debug|Any CPU.ActiveCfg = Debug|Any CPU
		{1D213BD7-06AB-4342-AD8E-D9CD58DFA50A}.Debug|Any CPU.Build.0 = Debug|Any CPU
		{1D213BD7-06AB-4342-AD8E-D9CD58DFA50A}.Release|Any CPU.ActiveCfg = Release|Any CPU
		{1D213BD7-06AB-4342-AD8E-D9CD58DFA50A}.Release|Any CPU.Build.0 = Release|Any CPU
		{F49B198D-413C-49A2-9CC5-2D2F6952914A}.Debug|Any CPU.ActiveCfg = Debug|Any CPU
		{F49B198D-413C-49A2-9CC5-2D2F6952914A}.Debug|Any CPU.Build.0 = Debug|Any CPU
		{F49B198D-413C-49A2-9CC5-2D2F6952914A}.Release|Any CPU.ActiveCfg = Release|Any CPU
		{F49B198D-413C-49A2-9CC5-2D2F6952914A}.Release|Any CPU.Build.0 = Release|Any CPU
		{D0CA54F2-0469-4FD6-ABE6-47EFE56CDB82}.Debug|Any CPU.ActiveCfg = Debug|Any CPU
		{D0CA54F2-0469-4FD6-ABE6-47EFE56CDB82}.Debug|Any CPU.Build.0 = Debug|Any CPU
		{D0CA54F2-0469-4FD6-ABE6-47EFE56CDB82}.Release|Any CPU.ActiveCfg = Release|Any CPU
		{D0CA54F2-0469-4FD6-ABE6-47EFE56CDB82}.Release|Any CPU.Build.0 = Release|Any CPU
		{58E6C4A6-0CC3-46F4-99B5-3714A6E52694}.Debug|Any CPU.ActiveCfg = Debug|Any CPU
		{58E6C4A6-0CC3-46F4-99B5-3714A6E52694}.Debug|Any CPU.Build.0 = Debug|Any CPU
		{58E6C4A6-0CC3-46F4-99B5-3714A6E52694}.Release|Any CPU.ActiveCfg = Release|Any CPU
		{58E6C4A6-0CC3-46F4-99B5-3714A6E52694}.Release|Any CPU.Build.0 = Release|Any CPU
		{E9494651-9A8E-4C5D-9638-BEB92EBDE571}.Debug|Any CPU.ActiveCfg = Debug|Any CPU
		{E9494651-9A8E-4C5D-9638-BEB92EBDE571}.Debug|Any CPU.Build.0 = Debug|Any CPU
		{E9494651-9A8E-4C5D-9638-BEB92EBDE571}.Release|Any CPU.ActiveCfg = Release|Any CPU
		{E9494651-9A8E-4C5D-9638-BEB92EBDE571}.Release|Any CPU.Build.0 = Release|Any CPU
		{82D9CE80-DE78-4912-AE9A-5FCDBEFBF287}.Debug|Any CPU.ActiveCfg = Debug|Any CPU
		{82D9CE80-DE78-4912-AE9A-5FCDBEFBF287}.Debug|Any CPU.Build.0 = Debug|Any CPU
		{82D9CE80-DE78-4912-AE9A-5FCDBEFBF287}.Release|Any CPU.ActiveCfg = Release|Any CPU
		{82D9CE80-DE78-4912-AE9A-5FCDBEFBF287}.Release|Any CPU.Build.0 = Release|Any CPU
		{B9B9E4AF-C95A-4EB5-8A00-77A0BB63640D}.Debug|Any CPU.ActiveCfg = Debug|Any CPU
		{B9B9E4AF-C95A-4EB5-8A00-77A0BB63640D}.Debug|Any CPU.Build.0 = Debug|Any CPU
		{B9B9E4AF-C95A-4EB5-8A00-77A0BB63640D}.Release|Any CPU.ActiveCfg = Release|Any CPU
		{B9B9E4AF-C95A-4EB5-8A00-77A0BB63640D}.Release|Any CPU.Build.0 = Release|Any CPU
		{76704353-E8BD-49E7-AF22-71487BD94074}.Debug|Any CPU.ActiveCfg = Debug|Any CPU
		{76704353-E8BD-49E7-AF22-71487BD94074}.Debug|Any CPU.Build.0 = Debug|Any CPU
		{76704353-E8BD-49E7-AF22-71487BD94074}.Release|Any CPU.ActiveCfg = Release|Any CPU
		{76704353-E8BD-49E7-AF22-71487BD94074}.Release|Any CPU.Build.0 = Release|Any CPU
		{E7E502C2-3DAE-456E-B2D9-49DB6718AE5A}.Debug|Any CPU.ActiveCfg = Debug|Any CPU
		{E7E502C2-3DAE-456E-B2D9-49DB6718AE5A}.Debug|Any CPU.Build.0 = Debug|Any CPU
		{E7E502C2-3DAE-456E-B2D9-49DB6718AE5A}.Release|Any CPU.ActiveCfg = Release|Any CPU
		{E7E502C2-3DAE-456E-B2D9-49DB6718AE5A}.Release|Any CPU.Build.0 = Release|Any CPU
		{6EE311A5-29C2-4A3B-BD01-BD1E525F8C70}.Debug|Any CPU.ActiveCfg = Debug|Any CPU
		{6EE311A5-29C2-4A3B-BD01-BD1E525F8C70}.Debug|Any CPU.Build.0 = Debug|Any CPU
		{6EE311A5-29C2-4A3B-BD01-BD1E525F8C70}.Release|Any CPU.ActiveCfg = Release|Any CPU
		{6EE311A5-29C2-4A3B-BD01-BD1E525F8C70}.Release|Any CPU.Build.0 = Release|Any CPU
		{13A10269-E333-4919-B8C6-737BEA0C2F03}.Debug|Any CPU.ActiveCfg = Debug|Any CPU
		{13A10269-E333-4919-B8C6-737BEA0C2F03}.Debug|Any CPU.Build.0 = Debug|Any CPU
		{13A10269-E333-4919-B8C6-737BEA0C2F03}.Release|Any CPU.ActiveCfg = Release|Any CPU
		{13A10269-E333-4919-B8C6-737BEA0C2F03}.Release|Any CPU.Build.0 = Release|Any CPU
		{504F74C6-FF19-4980-B7E6-216543DAA554}.Debug|Any CPU.ActiveCfg = Debug|Any CPU
		{504F74C6-FF19-4980-B7E6-216543DAA554}.Debug|Any CPU.Build.0 = Debug|Any CPU
		{504F74C6-FF19-4980-B7E6-216543DAA554}.Release|Any CPU.ActiveCfg = Release|Any CPU
		{504F74C6-FF19-4980-B7E6-216543DAA554}.Release|Any CPU.Build.0 = Release|Any CPU
	EndGlobalSection
	GlobalSection(SolutionProperties) = preSolution
		HideSolutionNode = FALSE
	EndGlobalSection
	GlobalSection(NestedProjects) = preSolution
		{6F5F2D75-34B3-4F83-90FB-C5D212BFBEA6} = {C644F77A-7CA7-477C-8E2B-472236246B2C}
		{DF035CA3-69A7-42E7-B296-6D182B462C7C} = {C644F77A-7CA7-477C-8E2B-472236246B2C}
		{094F3B47-F65E-4908-96F5-B0CE40802072} = {1FD8FAD0-DEFF-4A17-A983-25BCAE293497}
		{471CA10A-3F35-43ED-A26F-CF7569D87331} = {1FD8FAD0-DEFF-4A17-A983-25BCAE293497}
		{52A1F1B5-5EE2-4A2D-96DC-49ADFE882371} = {C7990E5A-81A0-4B27-8914-6693D33134B9}
		{3ADA42CF-9CDC-4291-A8C1-FFDFB3B65AB5} = {C7990E5A-81A0-4B27-8914-6693D33134B9}
		{65D1CF68-0633-4C74-A497-ADDD79F22B50} = {1FD8FAD0-DEFF-4A17-A983-25BCAE293497}
		{831DB972-0220-45E2-9145-D08E626ABBC5} = {C644F77A-7CA7-477C-8E2B-472236246B2C}
		{606014FE-D387-48DF-88B4-EDF77283A447} = {C7990E5A-81A0-4B27-8914-6693D33134B9}
		{36D65915-3BA7-48EB-966E-996FD6F0FB5B} = {C644F77A-7CA7-477C-8E2B-472236246B2C}
		{47BEB8BF-2D59-4388-A8DA-CF549653BD01} = {1FD8FAD0-DEFF-4A17-A983-25BCAE293497}
		{1D213BD7-06AB-4342-AD8E-D9CD58DFA50A} = {47BEB8BF-2D59-4388-A8DA-CF549653BD01}
		{F49B198D-413C-49A2-9CC5-2D2F6952914A} = {47BEB8BF-2D59-4388-A8DA-CF549653BD01}
		{D0CA54F2-0469-4FD6-ABE6-47EFE56CDB82} = {36D65915-3BA7-48EB-966E-996FD6F0FB5B}
		{58E6C4A6-0CC3-46F4-99B5-3714A6E52694} = {36D65915-3BA7-48EB-966E-996FD6F0FB5B}
		{E9494651-9A8E-4C5D-9638-BEB92EBDE571} = {47BEB8BF-2D59-4388-A8DA-CF549653BD01}
		{82D9CE80-DE78-4912-AE9A-5FCDBEFBF287} = {36D65915-3BA7-48EB-966E-996FD6F0FB5B}
		{B9B9E4AF-C95A-4EB5-8A00-77A0BB63640D} = {36D65915-3BA7-48EB-966E-996FD6F0FB5B}
		{76704353-E8BD-49E7-AF22-71487BD94074} = {47BEB8BF-2D59-4388-A8DA-CF549653BD01}
		{E7E502C2-3DAE-456E-B2D9-49DB6718AE5A} = {041AD295-DA5D-4578-913A-2756E04AD807}
		{6EE311A5-29C2-4A3B-BD01-BD1E525F8C70} = {E3F3A22F-B809-4C56-BF5E-655358B9D699}
		{13A10269-E333-4919-B8C6-737BEA0C2F03} = {36D65915-3BA7-48EB-966E-996FD6F0FB5B}
		{504F74C6-FF19-4980-B7E6-216543DAA554} = {47BEB8BF-2D59-4388-A8DA-CF549653BD01}
	EndGlobalSection
	GlobalSection(ExtensibilityGlobals) = postSolution
		SolutionGuid = {0ECD118C-D54F-4B35-85B4-3AC493AB25CF}
	EndGlobalSection
EndGlobal
